{
  "name": "fit",
  "version": "1.0.0",
  "lockfileVersion": 3,
  "requires": true,
  "packages": {
    "": {
      "name": "fit",
      "version": "1.0.0",
      "license": "ISC",
      "dependencies": {
        "@garmin/fitsdk": "^21.202.0"
      }
    },
    "node_modules/@garmin/fitsdk": {
      "version": "21.202.0",
      "resolved": "https://registry.npmjs.org/@garmin/fitsdk/-/fitsdk-21.202.0.tgz",
      "integrity": "sha512-WeveKUCKZSehRdM6JY/n0embblH18z5sY0KkJye5Z9nJ8Qv2S6EEmoSuBrW2ew45OtTGph0bu4/jxlO6VRP+Qw==",
      "license": "SEE LICENSE IN LICENSE.txt"
    }
  }
}
